
Microsoft Visual Studio Solution File, Format Version 12.00
# Visual Studio 14
VisualStudioVersion = 14.0.23107.0
MinimumVisualStudioVersion = 10.0.40219.1
Project("{FAE04EC0-301F-11D3-BF4B-00C04F79EFBC}") = "00.Test", "00.Test\00.Test.csproj", "{03385124-0BFF-42A0-A85A-31229FCAB394}"
EndProject
Project("{FAE04EC0-301F-11D3-BF4B-00C04F79EFBC}") = "01.ReverseString", "01.ReverseString\01.ReverseString.csproj", "{7B5DAB8F-3339-4363-BF25-6B7D5488842B}"
EndProject
Project("{FAE04EC0-301F-11D3-BF4B-00C04F79EFBC}") = "02. String Length", "02. String Length\02. String Length.csproj", "{473F1C8E-2A4B-43CC-960D-D12166D79508}"
EndProject
Project("{FAE04EC0-301F-11D3-BF4B-00C04F79EFBC}") = "01.LabStudentsResult", "01.LabStudentsResult\01.LabStudentsResult.csproj", "{24211665-233B-42EE-BE9A-1D1AD83A479F}"
EndProject
Project("{FAE04EC0-301F-11D3-BF4B-00C04F79EFBC}") = "02.LabPareseUrl", "02.LabPareseUrl\02.LabPareseUrl.csproj", "{7DE7C730-2531-483D-A206-26E7E86AC634}"
EndProject
Project("{FAE04EC0-301F-11D3-BF4B-00C04F79EFBC}") = "03.LabParseTags", "03.LabParseTags\03.LabParseTags.csproj", "{BAD653DA-5DDC-4EE1-BFBB-2B4E0DB13F01}"
EndProject
Project("{FAE04EC0-301F-11D3-BF4B-00C04F79EFBC}") = "04.LabSpecialWords", "04.LabSpecialWords\04.LabSpecialWords.csproj", "{A54A2915-2663-4DD0-8D6F-0D97E67BE9ED}"
EndProject
Project("{FAE04EC0-301F-11D3-BF4B-00C04F79EFBC}") = "05.LabConcatenate Strings", "05.LabConcatenate Strings\05.LabConcatenate Strings.csproj", "{46EEF5C7-4362-4C82-8718-35AC76D968BA}"
EndProject
Project("{FAE04EC0-301F-11D3-BF4B-00C04F79EFBC}") = "03.FormattingNumbers", "03.FormattingNumbers\03.FormattingNumbers.csproj", "{1DC74E64-79C3-4B45-BB20-12C37A40BE06}"
EndProject
Project("{FAE04EC0-301F-11D3-BF4B-00C04F79EFBC}") = "04.ConvertFromBase-10ToBase-N", "04.ConvertFromBase-10ToBase-N\04.ConvertFromBase-10ToBase-N.csproj", "{143F2034-2EBC-435B-B305-4403A58EAC42}"
EndProject
Global
	GlobalSection(SolutionConfigurationPlatforms) = preSolution
		Debug|Any CPU = Debug|Any CPU
		Release|Any CPU = Release|Any CPU
	EndGlobalSection
	GlobalSection(ProjectConfigurationPlatforms) = postSolution
		{03385124-0BFF-42A0-A85A-31229FCAB394}.Debug|Any CPU.ActiveCfg = Debug|Any CPU
		{03385124-0BFF-42A0-A85A-31229FCAB394}.Debug|Any CPU.Build.0 = Debug|Any CPU
		{03385124-0BFF-42A0-A85A-31229FCAB394}.Release|Any CPU.ActiveCfg = Release|Any CPU
		{03385124-0BFF-42A0-A85A-31229FCAB394}.Release|Any CPU.Build.0 = Release|Any CPU
		{7B5DAB8F-3339-4363-BF25-6B7D5488842B}.Debug|Any CPU.ActiveCfg = Debug|Any CPU
		{7B5DAB8F-3339-4363-BF25-6B7D5488842B}.Debug|Any CPU.Build.0 = Debug|Any CPU
		{7B5DAB8F-3339-4363-BF25-6B7D5488842B}.Release|Any CPU.ActiveCfg = Release|Any CPU
		{7B5DAB8F-3339-4363-BF25-6B7D5488842B}.Release|Any CPU.Build.0 = Release|Any CPU
		{473F1C8E-2A4B-43CC-960D-D12166D79508}.Debug|Any CPU.ActiveCfg = Debug|Any CPU
		{473F1C8E-2A4B-43CC-960D-D12166D79508}.Debug|Any CPU.Build.0 = Debug|Any CPU
		{473F1C8E-2A4B-43CC-960D-D12166D79508}.Release|Any CPU.ActiveCfg = Release|Any CPU
		{473F1C8E-2A4B-43CC-960D-D12166D79508}.Release|Any CPU.Build.0 = Release|Any CPU
		{24211665-233B-42EE-BE9A-1D1AD83A479F}.Debug|Any CPU.ActiveCfg = Debug|Any CPU
		{24211665-233B-42EE-BE9A-1D1AD83A479F}.Debug|Any CPU.Build.0 = Debug|Any CPU
		{24211665-233B-42EE-BE9A-1D1AD83A479F}.Release|Any CPU.ActiveCfg = Release|Any CPU
		{24211665-233B-42EE-BE9A-1D1AD83A479F}.Release|Any CPU.Build.0 = Release|Any CPU
		{7DE7C730-2531-483D-A206-26E7E86AC634}.Debug|Any CPU.ActiveCfg = Debug|Any CPU
		{7DE7C730-2531-483D-A206-26E7E86AC634}.Debug|Any CPU.Build.0 = Debug|Any CPU
		{7DE7C730-2531-483D-A206-26E7E86AC634}.Release|Any CPU.ActiveCfg = Release|Any CPU
		{7DE7C730-2531-483D-A206-26E7E86AC634}.Release|Any CPU.Build.0 = Release|Any CPU
		{BAD653DA-5DDC-4EE1-BFBB-2B4E0DB13F01}.Debug|Any CPU.ActiveCfg = Debug|Any CPU
		{BAD653DA-5DDC-4EE1-BFBB-2B4E0DB13F01}.Debug|Any CPU.Build.0 = Debug|Any CPU
		{BAD653DA-5DDC-4EE1-BFBB-2B4E0DB13F01}.Release|Any CPU.ActiveCfg = Release|Any CPU
		{BAD653DA-5DDC-4EE1-BFBB-2B4E0DB13F01}.Release|Any CPU.Build.0 = Release|Any CPU
		{A54A2915-2663-4DD0-8D6F-0D97E67BE9ED}.Debug|Any CPU.ActiveCfg = Debug|Any CPU
		{A54A2915-2663-4DD0-8D6F-0D97E67BE9ED}.Debug|Any CPU.Build.0 = Debug|Any CPU
		{A54A2915-2663-4DD0-8D6F-0D97E67BE9ED}.Release|Any CPU.ActiveCfg = Release|Any CPU
		{A54A2915-2663-4DD0-8D6F-0D97E67BE9ED}.Release|Any CPU.Build.0 = Release|Any CPU
		{46EEF5C7-4362-4C82-8718-35AC76D968BA}.Debug|Any CPU.ActiveCfg = Debug|Any CPU
		{46EEF5C7-4362-4C82-8718-35AC76D968BA}.Debug|Any CPU.Build.0 = Debug|Any CPU
		{46EEF5C7-4362-4C82-8718-35AC76D968BA}.Release|Any CPU.ActiveCfg = Release|Any CPU
		{46EEF5C7-4362-4C82-8718-35AC76D968BA}.Release|Any CPU.Build.0 = Release|Any CPU
		{1DC74E64-79C3-4B45-BB20-12C37A40BE06}.Debug|Any CPU.ActiveCfg = Debug|Any CPU
		{1DC74E64-79C3-4B45-BB20-12C37A40BE06}.Debug|Any CPU.Build.0 = Debug|Any CPU
		{1DC74E64-79C3-4B45-BB20-12C37A40BE06}.Release|Any CPU.ActiveCfg = Release|Any CPU
		{1DC74E64-79C3-4B45-BB20-12C37A40BE06}.Release|Any CPU.Build.0 = Release|Any CPU
		{143F2034-2EBC-435B-B305-4403A58EAC42}.Debug|Any CPU.ActiveCfg = Debug|Any CPU
		{143F2034-2EBC-435B-B305-4403A58EAC42}.Debug|Any CPU.Build.0 = Debug|Any CPU
		{143F2034-2EBC-435B-B305-4403A58EAC42}.Release|Any CPU.ActiveCfg = Release|Any CPU
		{143F2034-2EBC-435B-B305-4403A58EAC42}.Release|Any CPU.Build.0 = Release|Any CPU
	EndGlobalSection
	GlobalSection(SolutionProperties) = preSolution
		HideSolutionNode = FALSE
	EndGlobalSection
EndGlobal
