
Microsoft Visual Studio Solution File, Format Version 12.00
# Visual Studio 14
VisualStudioVersion = 14.0.23107.0
MinimumVisualStudioVersion = 10.0.40219.1
Project("{FAE04EC0-301F-11D3-BF4B-00C04F79EFBC}") = "00.TEst", "00.TEst\00.TEst.csproj", "{4A474283-8935-47BD-875C-EF145BC5AA85}"
EndProject
Project("{FAE04EC0-301F-11D3-BF4B-00C04F79EFBC}") = "01.LabSortEvenNumbers", "01.LabSortEvenNumbers\01.LabSortEvenNumbers.csproj", "{E90F1B2F-F934-47D0-B8CC-2788A74F4693}"
EndProject
Project("{FAE04EC0-301F-11D3-BF4B-00C04F79EFBC}") = "02.LabSumNumbers", "02.LabSumNumbers\02.LabSumNumbers.csproj", "{706739B8-9E05-467B-9EED-398D11F20833}"
EndProject
Project("{FAE04EC0-301F-11D3-BF4B-00C04F79EFBC}") = "03.CountUppercaseWords", "03.CountUppercaseWords\03.CountUppercaseWords.csproj", "{5383012E-DF6B-4A37-8B94-A6E1DA59344E}"
EndProject
Project("{FAE04EC0-301F-11D3-BF4B-00C04F79EFBC}") = "04.LabAddVat", "04.LabAddVat\04.LabAddVat.csproj", "{E7278001-C8D2-4DB5-A682-44B299B8E99D}"
EndProject
Project("{FAE04EC0-301F-11D3-BF4B-00C04F79EFBC}") = "05.LabFilterByAge", "05.LabFilterByAge\05.LabFilterByAge.csproj", "{CFDABC6D-688F-44FF-A41D-32F0F1AF457D}"
EndProject
Project("{FAE04EC0-301F-11D3-BF4B-00C04F79EFBC}") = "01.ActionPrint", "01.ActionPrint\01.ActionPrint.csproj", "{675DBF88-9E25-4ED9-AF94-3BB9ED4410B7}"
EndProject
Project("{FAE04EC0-301F-11D3-BF4B-00C04F79EFBC}") = "02.KnightsOfHonor", "02.KnightsOfHonor\02.KnightsOfHonor.csproj", "{D01C5C11-73BC-4B13-914F-3BCB367A1E71}"
EndProject
Project("{FAE04EC0-301F-11D3-BF4B-00C04F79EFBC}") = "03.CustomMinFunction", "03.CustomMinFunction\03.CustomMinFunction.csproj", "{BE398AE0-5A51-4BF0-B487-6DF482A5F28F}"
EndProject
Project("{FAE04EC0-301F-11D3-BF4B-00C04F79EFBC}") = "04.FindEvenOrOdds", "04.FindEvenOrOdds\04.FindEvenOrOdds.csproj", "{7B28D652-5840-41CF-92B5-7B28DF3FE5EC}"
EndProject
Project("{FAE04EC0-301F-11D3-BF4B-00C04F79EFBC}") = "04.findEvenAndOdds-Good", "04.findEvenAndOdds-Good\04.findEvenAndOdds-Good.csproj", "{9CFBC14A-7A19-4F97-BEDD-F79475CDBAB3}"
EndProject
Project("{FAE04EC0-301F-11D3-BF4B-00C04F79EFBC}") = "05.AppliedArithmetics", "05.AppliedArithmetics\05.AppliedArithmetics.csproj", "{36B39F3A-B439-4C44-AF2E-E7405CD58481}"
EndProject
Project("{FAE04EC0-301F-11D3-BF4B-00C04F79EFBC}") = "06.ReverseAndExclude", "06.ReverseAndExclude\06.ReverseAndExclude.csproj", "{433CDEA2-62E9-4E0F-9FF7-FE2B5438D17F}"
EndProject
Project("{FAE04EC0-301F-11D3-BF4B-00C04F79EFBC}") = "07.PredicateForNames", "07.PredicateForNames\07.PredicateForNames.csproj", "{6F0196A3-1441-4A0A-BCAA-6FFFE5FE7E99}"
EndProject
Project("{FAE04EC0-301F-11D3-BF4B-00C04F79EFBC}") = "08.CustomComparator", "08.CustomComparator\08.CustomComparator.csproj", "{120A3C5F-107C-4C25-8262-118126C17F5C}"
EndProject
Project("{FAE04EC0-301F-11D3-BF4B-00C04F79EFBC}") = "09.ListOfPredicates", "09.ListOfPredicates\09.ListOfPredicates.csproj", "{423D218D-709E-41EC-BDA3-D228BDBF3907}"
EndProject
Project("{FAE04EC0-301F-11D3-BF4B-00C04F79EFBC}") = "10.PredicateParty", "10.PredicateParty\10.PredicateParty.csproj", "{06302668-085E-4CD6-A845-FB42E269967D}"
EndProject
Global
	GlobalSection(SolutionConfigurationPlatforms) = preSolution
		Debug|Any CPU = Debug|Any CPU
		Release|Any CPU = Release|Any CPU
	EndGlobalSection
	GlobalSection(ProjectConfigurationPlatforms) = postSolution
		{4A474283-8935-47BD-875C-EF145BC5AA85}.Debug|Any CPU.ActiveCfg = Debug|Any CPU
		{4A474283-8935-47BD-875C-EF145BC5AA85}.Debug|Any CPU.Build.0 = Debug|Any CPU
		{4A474283-8935-47BD-875C-EF145BC5AA85}.Release|Any CPU.ActiveCfg = Release|Any CPU
		{4A474283-8935-47BD-875C-EF145BC5AA85}.Release|Any CPU.Build.0 = Release|Any CPU
		{E90F1B2F-F934-47D0-B8CC-2788A74F4693}.Debug|Any CPU.ActiveCfg = Debug|Any CPU
		{E90F1B2F-F934-47D0-B8CC-2788A74F4693}.Debug|Any CPU.Build.0 = Debug|Any CPU
		{E90F1B2F-F934-47D0-B8CC-2788A74F4693}.Release|Any CPU.ActiveCfg = Release|Any CPU
		{E90F1B2F-F934-47D0-B8CC-2788A74F4693}.Release|Any CPU.Build.0 = Release|Any CPU
		{706739B8-9E05-467B-9EED-398D11F20833}.Debug|Any CPU.ActiveCfg = Debug|Any CPU
		{706739B8-9E05-467B-9EED-398D11F20833}.Debug|Any CPU.Build.0 = Debug|Any CPU
		{706739B8-9E05-467B-9EED-398D11F20833}.Release|Any CPU.ActiveCfg = Release|Any CPU
		{706739B8-9E05-467B-9EED-398D11F20833}.Release|Any CPU.Build.0 = Release|Any CPU
		{5383012E-DF6B-4A37-8B94-A6E1DA59344E}.Debug|Any CPU.ActiveCfg = Debug|Any CPU
		{5383012E-DF6B-4A37-8B94-A6E1DA59344E}.Debug|Any CPU.Build.0 = Debug|Any CPU
		{5383012E-DF6B-4A37-8B94-A6E1DA59344E}.Release|Any CPU.ActiveCfg = Release|Any CPU
		{5383012E-DF6B-4A37-8B94-A6E1DA59344E}.Release|Any CPU.Build.0 = Release|Any CPU
		{E7278001-C8D2-4DB5-A682-44B299B8E99D}.Debug|Any CPU.ActiveCfg = Debug|Any CPU
		{E7278001-C8D2-4DB5-A682-44B299B8E99D}.Debug|Any CPU.Build.0 = Debug|Any CPU
		{E7278001-C8D2-4DB5-A682-44B299B8E99D}.Release|Any CPU.ActiveCfg = Release|Any CPU
		{E7278001-C8D2-4DB5-A682-44B299B8E99D}.Release|Any CPU.Build.0 = Release|Any CPU
		{CFDABC6D-688F-44FF-A41D-32F0F1AF457D}.Debug|Any CPU.ActiveCfg = Debug|Any CPU
		{CFDABC6D-688F-44FF-A41D-32F0F1AF457D}.Debug|Any CPU.Build.0 = Debug|Any CPU
		{CFDABC6D-688F-44FF-A41D-32F0F1AF457D}.Release|Any CPU.ActiveCfg = Release|Any CPU
		{CFDABC6D-688F-44FF-A41D-32F0F1AF457D}.Release|Any CPU.Build.0 = Release|Any CPU
		{675DBF88-9E25-4ED9-AF94-3BB9ED4410B7}.Debug|Any CPU.ActiveCfg = Debug|Any CPU
		{675DBF88-9E25-4ED9-AF94-3BB9ED4410B7}.Debug|Any CPU.Build.0 = Debug|Any CPU
		{675DBF88-9E25-4ED9-AF94-3BB9ED4410B7}.Release|Any CPU.ActiveCfg = Release|Any CPU
		{675DBF88-9E25-4ED9-AF94-3BB9ED4410B7}.Release|Any CPU.Build.0 = Release|Any CPU
		{D01C5C11-73BC-4B13-914F-3BCB367A1E71}.Debug|Any CPU.ActiveCfg = Debug|Any CPU
		{D01C5C11-73BC-4B13-914F-3BCB367A1E71}.Debug|Any CPU.Build.0 = Debug|Any CPU
		{D01C5C11-73BC-4B13-914F-3BCB367A1E71}.Release|Any CPU.ActiveCfg = Release|Any CPU
		{D01C5C11-73BC-4B13-914F-3BCB367A1E71}.Release|Any CPU.Build.0 = Release|Any CPU
		{BE398AE0-5A51-4BF0-B487-6DF482A5F28F}.Debug|Any CPU.ActiveCfg = Debug|Any CPU
		{BE398AE0-5A51-4BF0-B487-6DF482A5F28F}.Debug|Any CPU.Build.0 = Debug|Any CPU
		{BE398AE0-5A51-4BF0-B487-6DF482A5F28F}.Release|Any CPU.ActiveCfg = Release|Any CPU
		{BE398AE0-5A51-4BF0-B487-6DF482A5F28F}.Release|Any CPU.Build.0 = Release|Any CPU
		{7B28D652-5840-41CF-92B5-7B28DF3FE5EC}.Debug|Any CPU.ActiveCfg = Debug|Any CPU
		{7B28D652-5840-41CF-92B5-7B28DF3FE5EC}.Debug|Any CPU.Build.0 = Debug|Any CPU
		{7B28D652-5840-41CF-92B5-7B28DF3FE5EC}.Release|Any CPU.ActiveCfg = Release|Any CPU
		{7B28D652-5840-41CF-92B5-7B28DF3FE5EC}.Release|Any CPU.Build.0 = Release|Any CPU
		{9CFBC14A-7A19-4F97-BEDD-F79475CDBAB3}.Debug|Any CPU.ActiveCfg = Debug|Any CPU
		{9CFBC14A-7A19-4F97-BEDD-F79475CDBAB3}.Debug|Any CPU.Build.0 = Debug|Any CPU
		{9CFBC14A-7A19-4F97-BEDD-F79475CDBAB3}.Release|Any CPU.ActiveCfg = Release|Any CPU
		{9CFBC14A-7A19-4F97-BEDD-F79475CDBAB3}.Release|Any CPU.Build.0 = Release|Any CPU
		{36B39F3A-B439-4C44-AF2E-E7405CD58481}.Debug|Any CPU.ActiveCfg = Debug|Any CPU
		{36B39F3A-B439-4C44-AF2E-E7405CD58481}.Debug|Any CPU.Build.0 = Debug|Any CPU
		{36B39F3A-B439-4C44-AF2E-E7405CD58481}.Release|Any CPU.ActiveCfg = Release|Any CPU
		{36B39F3A-B439-4C44-AF2E-E7405CD58481}.Release|Any CPU.Build.0 = Release|Any CPU
		{433CDEA2-62E9-4E0F-9FF7-FE2B5438D17F}.Debug|Any CPU.ActiveCfg = Debug|Any CPU
		{433CDEA2-62E9-4E0F-9FF7-FE2B5438D17F}.Debug|Any CPU.Build.0 = Debug|Any CPU
		{433CDEA2-62E9-4E0F-9FF7-FE2B5438D17F}.Release|Any CPU.ActiveCfg = Release|Any CPU
		{433CDEA2-62E9-4E0F-9FF7-FE2B5438D17F}.Release|Any CPU.Build.0 = Release|Any CPU
		{6F0196A3-1441-4A0A-BCAA-6FFFE5FE7E99}.Debug|Any CPU.ActiveCfg = Debug|Any CPU
		{6F0196A3-1441-4A0A-BCAA-6FFFE5FE7E99}.Debug|Any CPU.Build.0 = Debug|Any CPU
		{6F0196A3-1441-4A0A-BCAA-6FFFE5FE7E99}.Release|Any CPU.ActiveCfg = Release|Any CPU
		{6F0196A3-1441-4A0A-BCAA-6FFFE5FE7E99}.Release|Any CPU.Build.0 = Release|Any CPU
		{120A3C5F-107C-4C25-8262-118126C17F5C}.Debug|Any CPU.ActiveCfg = Debug|Any CPU
		{120A3C5F-107C-4C25-8262-118126C17F5C}.Debug|Any CPU.Build.0 = Debug|Any CPU
		{120A3C5F-107C-4C25-8262-118126C17F5C}.Release|Any CPU.ActiveCfg = Release|Any CPU
		{120A3C5F-107C-4C25-8262-118126C17F5C}.Release|Any CPU.Build.0 = Release|Any CPU
		{423D218D-709E-41EC-BDA3-D228BDBF3907}.Debug|Any CPU.ActiveCfg = Debug|Any CPU
		{423D218D-709E-41EC-BDA3-D228BDBF3907}.Debug|Any CPU.Build.0 = Debug|Any CPU
		{423D218D-709E-41EC-BDA3-D228BDBF3907}.Release|Any CPU.ActiveCfg = Release|Any CPU
		{423D218D-709E-41EC-BDA3-D228BDBF3907}.Release|Any CPU.Build.0 = Release|Any CPU
		{06302668-085E-4CD6-A845-FB42E269967D}.Debug|Any CPU.ActiveCfg = Debug|Any CPU
		{06302668-085E-4CD6-A845-FB42E269967D}.Debug|Any CPU.Build.0 = Debug|Any CPU
		{06302668-085E-4CD6-A845-FB42E269967D}.Release|Any CPU.ActiveCfg = Release|Any CPU
		{06302668-085E-4CD6-A845-FB42E269967D}.Release|Any CPU.Build.0 = Release|Any CPU
	EndGlobalSection
	GlobalSection(SolutionProperties) = preSolution
		HideSolutionNode = FALSE
	EndGlobalSection
EndGlobal
