
Microsoft Visual Studio Solution File, Format Version 12.00
# Visual Studio 14
VisualStudioVersion = 14.0.23107.0
MinimumVisualStudioVersion = 10.0.40219.1
Project("{FAE04EC0-301F-11D3-BF4B-00C04F79EFBC}") = "SetsAndDictionaries", "SetsAndDictionaries\SetsAndDictionaries.csproj", "{090588D6-AB43-4C34-9DB6-8DE5A0B14427}"
EndProject
Project("{FAE04EC0-301F-11D3-BF4B-00C04F79EFBC}") = "01.UniqueUsernames", "01.UniqueUsernames\01.UniqueUsernames.csproj", "{9AA33370-FD06-4F17-87BC-3F0B94D79675}"
EndProject
Project("{FAE04EC0-301F-11D3-BF4B-00C04F79EFBC}") = "02.SetsOfElements", "02.SetsOfElements\02.SetsOfElements.csproj", "{926BECAC-2A7D-4AA7-A69D-2A0D69C6F0FB}"
EndProject
Project("{FAE04EC0-301F-11D3-BF4B-00C04F79EFBC}") = "03.PeriodicTable", "03.PeriodicTable\03.PeriodicTable.csproj", "{8D676C76-9F9C-41C9-91C6-B77B3AB1F0A8}"
EndProject
Project("{FAE04EC0-301F-11D3-BF4B-00C04F79EFBC}") = "04.CountSymbols", "04.CountSymbols\04.CountSymbols.csproj", "{FF6E4CD6-5B58-4EB8-80CC-74D2CA70EE1C}"
EndProject
Project("{FAE04EC0-301F-11D3-BF4B-00C04F79EFBC}") = "05.Phonebook", "05.Phoneboock\05.Phonebook.csproj", "{1DF5AA1C-6E44-4493-905B-EB711C74E55E}"
EndProject
Project("{FAE04EC0-301F-11D3-BF4B-00C04F79EFBC}") = "06.MinersTask", "06.MinersTask\06.MinersTask.csproj", "{7092F245-0A3D-4D76-AA57-D3C6AC9C84FF}"
EndProject
Project("{FAE04EC0-301F-11D3-BF4B-00C04F79EFBC}") = "07.FixEmails", "07.FixEmails\07.FixEmails.csproj", "{601A0A3F-4A11-4507-8888-59B5031B8CF6}"
EndProject
Project("{FAE04EC0-301F-11D3-BF4B-00C04F79EFBC}") = "08.HandsOfCards", "08.HandsOfCards\08.HandsOfCards.csproj", "{8EC5F842-935E-4311-8ACB-10E5CBCB935D}"
EndProject
Project("{FAE04EC0-301F-11D3-BF4B-00C04F79EFBC}") = "09.UserLogs", "09.UserLogs\09.UserLogs.csproj", "{D61263F7-8751-4F87-A295-59D5AEA9D089}"
EndProject
Project("{FAE04EC0-301F-11D3-BF4B-00C04F79EFBC}") = "10.PopulationCenter", "10.PopulationCenter\10.PopulationCenter.csproj", "{8B28B9BF-07FE-4B59-8D8F-F42BF95F665E}"
EndProject
Global
	GlobalSection(SolutionConfigurationPlatforms) = preSolution
		Debug|Any CPU = Debug|Any CPU
		Release|Any CPU = Release|Any CPU
	EndGlobalSection
	GlobalSection(ProjectConfigurationPlatforms) = postSolution
		{090588D6-AB43-4C34-9DB6-8DE5A0B14427}.Debug|Any CPU.ActiveCfg = Debug|Any CPU
		{090588D6-AB43-4C34-9DB6-8DE5A0B14427}.Debug|Any CPU.Build.0 = Debug|Any CPU
		{090588D6-AB43-4C34-9DB6-8DE5A0B14427}.Release|Any CPU.ActiveCfg = Release|Any CPU
		{090588D6-AB43-4C34-9DB6-8DE5A0B14427}.Release|Any CPU.Build.0 = Release|Any CPU
		{9AA33370-FD06-4F17-87BC-3F0B94D79675}.Debug|Any CPU.ActiveCfg = Debug|Any CPU
		{9AA33370-FD06-4F17-87BC-3F0B94D79675}.Debug|Any CPU.Build.0 = Debug|Any CPU
		{9AA33370-FD06-4F17-87BC-3F0B94D79675}.Release|Any CPU.ActiveCfg = Release|Any CPU
		{9AA33370-FD06-4F17-87BC-3F0B94D79675}.Release|Any CPU.Build.0 = Release|Any CPU
		{926BECAC-2A7D-4AA7-A69D-2A0D69C6F0FB}.Debug|Any CPU.ActiveCfg = Debug|Any CPU
		{926BECAC-2A7D-4AA7-A69D-2A0D69C6F0FB}.Debug|Any CPU.Build.0 = Debug|Any CPU
		{926BECAC-2A7D-4AA7-A69D-2A0D69C6F0FB}.Release|Any CPU.ActiveCfg = Release|Any CPU
		{926BECAC-2A7D-4AA7-A69D-2A0D69C6F0FB}.Release|Any CPU.Build.0 = Release|Any CPU
		{8D676C76-9F9C-41C9-91C6-B77B3AB1F0A8}.Debug|Any CPU.ActiveCfg = Debug|Any CPU
		{8D676C76-9F9C-41C9-91C6-B77B3AB1F0A8}.Debug|Any CPU.Build.0 = Debug|Any CPU
		{8D676C76-9F9C-41C9-91C6-B77B3AB1F0A8}.Release|Any CPU.ActiveCfg = Release|Any CPU
		{8D676C76-9F9C-41C9-91C6-B77B3AB1F0A8}.Release|Any CPU.Build.0 = Release|Any CPU
		{FF6E4CD6-5B58-4EB8-80CC-74D2CA70EE1C}.Debug|Any CPU.ActiveCfg = Debug|Any CPU
		{FF6E4CD6-5B58-4EB8-80CC-74D2CA70EE1C}.Debug|Any CPU.Build.0 = Debug|Any CPU
		{FF6E4CD6-5B58-4EB8-80CC-74D2CA70EE1C}.Release|Any CPU.ActiveCfg = Release|Any CPU
		{FF6E4CD6-5B58-4EB8-80CC-74D2CA70EE1C}.Release|Any CPU.Build.0 = Release|Any CPU
		{1DF5AA1C-6E44-4493-905B-EB711C74E55E}.Debug|Any CPU.ActiveCfg = Debug|Any CPU
		{1DF5AA1C-6E44-4493-905B-EB711C74E55E}.Debug|Any CPU.Build.0 = Debug|Any CPU
		{1DF5AA1C-6E44-4493-905B-EB711C74E55E}.Release|Any CPU.ActiveCfg = Release|Any CPU
		{1DF5AA1C-6E44-4493-905B-EB711C74E55E}.Release|Any CPU.Build.0 = Release|Any CPU
		{7092F245-0A3D-4D76-AA57-D3C6AC9C84FF}.Debug|Any CPU.ActiveCfg = Debug|Any CPU
		{7092F245-0A3D-4D76-AA57-D3C6AC9C84FF}.Debug|Any CPU.Build.0 = Debug|Any CPU
		{7092F245-0A3D-4D76-AA57-D3C6AC9C84FF}.Release|Any CPU.ActiveCfg = Release|Any CPU
		{7092F245-0A3D-4D76-AA57-D3C6AC9C84FF}.Release|Any CPU.Build.0 = Release|Any CPU
		{601A0A3F-4A11-4507-8888-59B5031B8CF6}.Debug|Any CPU.ActiveCfg = Debug|Any CPU
		{601A0A3F-4A11-4507-8888-59B5031B8CF6}.Debug|Any CPU.Build.0 = Debug|Any CPU
		{601A0A3F-4A11-4507-8888-59B5031B8CF6}.Release|Any CPU.ActiveCfg = Release|Any CPU
		{601A0A3F-4A11-4507-8888-59B5031B8CF6}.Release|Any CPU.Build.0 = Release|Any CPU
		{8EC5F842-935E-4311-8ACB-10E5CBCB935D}.Debug|Any CPU.ActiveCfg = Debug|Any CPU
		{8EC5F842-935E-4311-8ACB-10E5CBCB935D}.Debug|Any CPU.Build.0 = Debug|Any CPU
		{8EC5F842-935E-4311-8ACB-10E5CBCB935D}.Release|Any CPU.ActiveCfg = Release|Any CPU
		{8EC5F842-935E-4311-8ACB-10E5CBCB935D}.Release|Any CPU.Build.0 = Release|Any CPU
		{D61263F7-8751-4F87-A295-59D5AEA9D089}.Debug|Any CPU.ActiveCfg = Debug|Any CPU
		{D61263F7-8751-4F87-A295-59D5AEA9D089}.Debug|Any CPU.Build.0 = Debug|Any CPU
		{D61263F7-8751-4F87-A295-59D5AEA9D089}.Release|Any CPU.ActiveCfg = Release|Any CPU
		{D61263F7-8751-4F87-A295-59D5AEA9D089}.Release|Any CPU.Build.0 = Release|Any CPU
		{8B28B9BF-07FE-4B59-8D8F-F42BF95F665E}.Debug|Any CPU.ActiveCfg = Debug|Any CPU
		{8B28B9BF-07FE-4B59-8D8F-F42BF95F665E}.Debug|Any CPU.Build.0 = Debug|Any CPU
		{8B28B9BF-07FE-4B59-8D8F-F42BF95F665E}.Release|Any CPU.ActiveCfg = Release|Any CPU
		{8B28B9BF-07FE-4B59-8D8F-F42BF95F665E}.Release|Any CPU.Build.0 = Release|Any CPU
	EndGlobalSection
	GlobalSection(SolutionProperties) = preSolution
		HideSolutionNode = FALSE
	EndGlobalSection
EndGlobal
