
Microsoft Visual Studio Solution File, Format Version 12.00
# Visual Studio 14
VisualStudioVersion = 14.0.23107.0
MinimumVisualStudioVersion = 10.0.40219.1
Project("{FAE04EC0-301F-11D3-BF4B-00C04F79EFBC}") = "00.Test", "00.Test\00.Test.csproj", "{C33F52A8-AB50-4474-9D0B-31A62B669E61}"
EndProject
Project("{FAE04EC0-301F-11D3-BF4B-00C04F79EFBC}") = "08.MapDistrict", "08.MapDistrict\08.MapDistrict.csproj", "{A76892EE-B3CA-4126-83A4-9C833B1746C7}"
EndProject
Global
	GlobalSection(SolutionConfigurationPlatforms) = preSolution
		Debug|Any CPU = Debug|Any CPU
		Release|Any CPU = Release|Any CPU
	EndGlobalSection
	GlobalSection(ProjectConfigurationPlatforms) = postSolution
		{C33F52A8-AB50-4474-9D0B-31A62B669E61}.Debug|Any CPU.ActiveCfg = Debug|Any CPU
		{C33F52A8-AB50-4474-9D0B-31A62B669E61}.Debug|Any CPU.Build.0 = Debug|Any CPU
		{C33F52A8-AB50-4474-9D0B-31A62B669E61}.Release|Any CPU.ActiveCfg = Release|Any CPU
		{C33F52A8-AB50-4474-9D0B-31A62B669E61}.Release|Any CPU.Build.0 = Release|Any CPU
		{A76892EE-B3CA-4126-83A4-9C833B1746C7}.Debug|Any CPU.ActiveCfg = Debug|Any CPU
		{A76892EE-B3CA-4126-83A4-9C833B1746C7}.Debug|Any CPU.Build.0 = Debug|Any CPU
		{A76892EE-B3CA-4126-83A4-9C833B1746C7}.Release|Any CPU.ActiveCfg = Release|Any CPU
		{A76892EE-B3CA-4126-83A4-9C833B1746C7}.Release|Any CPU.Build.0 = Release|Any CPU
	EndGlobalSection
	GlobalSection(SolutionProperties) = preSolution
		HideSolutionNode = FALSE
	EndGlobalSection
EndGlobal
